
Microsoft Visual Studio Solution File, Format Version 12.00
# Visual Studio Version 16
VisualStudioVersion = 16.0.30717.126
MinimumVisualStudioVersion = 10.0.40219.1
Project("{FAE04EC0-301F-11D3-BF4B-00C04F79EFBC}") = "UnderstandingRedis", "UnderstandingRedis\UnderstandingRedis.csproj", "{92C04AC2-C644-4141-BEA3-A62932614688}"
EndProject
Global
	GlobalSection(SolutionConfigurationPlatforms) = preSolution
		Debug|Any CPU = Debug|Any CPU
		Release|Any CPU = Release|Any CPU
	EndGlobalSection
	GlobalSection(ProjectConfigurationPlatforms) = postSolution
		{92C04AC2-C644-4141-BEA3-A62932614688}.Debug|Any CPU.ActiveCfg = Debug|Any CPU
		{92C04AC2-C644-4141-BEA3-A62932614688}.Debug|Any CPU.Build.0 = Debug|Any CPU
		{92C04AC2-C644-4141-BEA3-A62932614688}.Release|Any CPU.ActiveCfg = Release|Any CPU
		{92C04AC2-C644-4141-BEA3-A62932614688}.Release|Any CPU.Build.0 = Release|Any CPU
	EndGlobalSection
	GlobalSection(SolutionProperties) = preSolution
		HideSolutionNode = FALSE
	EndGlobalSection
	GlobalSection(ExtensibilityGlobals) = postSolution
		SolutionGuid = {3F1C915A-FD7A-435B-9FC7-EB011501B922}
	EndGlobalSection
EndGlobal
