
Microsoft Visual Studio Solution File, Format Version 12.00
# Visual Studio Version 17
VisualStudioVersion = 17.1.32210.238
MinimumVisualStudioVersion = 10.0.40219.1
Project("{FAE04EC0-301F-11D3-BF4B-00C04F79EFBC}") = "DependencyInjection", "DependencyInjection\DependencyInjection.csproj", "{652C7820-76A9-466E-877A-7FBD2F404788}"
EndProject
Project("{FAE04EC0-301F-11D3-BF4B-00C04F79EFBC}") = "DependencyInjection.Services", "DependencyInjection.Services\DependencyInjection.Services.csproj", "{C7F66800-474A-41CF-B6D8-5CA3E1E01030}"
EndProject
Project("{FAE04EC0-301F-11D3-BF4B-00C04F79EFBC}") = "DependencyInjection.Repositories", "DependencyInjection.Repository\DependencyInjection.Repositories.csproj", "{C24BA4ED-997F-4D88-A4DA-007AE6B78AE4}"
EndProject
Project("{FAE04EC0-301F-11D3-BF4B-00C04F79EFBC}") = "DependencyInjection.Models", "DependencyInjection.Models\DependencyInjection.Models.csproj", "{AA4F281C-94B0-4C41-B375-D48138B56106}"
EndProject
Project("{FAE04EC0-301F-11D3-BF4B-00C04F79EFBC}") = "DependencyInjection.IServices", "DependencyInjection.IServices\DependencyInjection.IServices.csproj", "{31789AF2-7287-4AD1-8D45-ED1518D921A3}"
EndProject
Project("{FAE04EC0-301F-11D3-BF4B-00C04F79EFBC}") = "DependencyInjection.IRepositories", "DependencyInjection.IRepositories\DependencyInjection.IRepositories.csproj", "{163812A1-84AB-4E8F-85F5-AC8AC3F72BB1}"
EndProject
Global
	GlobalSection(SolutionConfigurationPlatforms) = preSolution
		Debug|Any CPU = Debug|Any CPU
		Release|Any CPU = Release|Any CPU
	EndGlobalSection
	GlobalSection(ProjectConfigurationPlatforms) = postSolution
		{652C7820-76A9-466E-877A-7FBD2F404788}.Debug|Any CPU.ActiveCfg = Debug|Any CPU
		{652C7820-76A9-466E-877A-7FBD2F404788}.Debug|Any CPU.Build.0 = Debug|Any CPU
		{652C7820-76A9-466E-877A-7FBD2F404788}.Release|Any CPU.ActiveCfg = Release|Any CPU
		{652C7820-76A9-466E-877A-7FBD2F404788}.Release|Any CPU.Build.0 = Release|Any CPU
		{C7F66800-474A-41CF-B6D8-5CA3E1E01030}.Debug|Any CPU.ActiveCfg = Debug|Any CPU
		{C7F66800-474A-41CF-B6D8-5CA3E1E01030}.Debug|Any CPU.Build.0 = Debug|Any CPU
		{C7F66800-474A-41CF-B6D8-5CA3E1E01030}.Release|Any CPU.ActiveCfg = Release|Any CPU
		{C7F66800-474A-41CF-B6D8-5CA3E1E01030}.Release|Any CPU.Build.0 = Release|Any CPU
		{C24BA4ED-997F-4D88-A4DA-007AE6B78AE4}.Debug|Any CPU.ActiveCfg = Debug|Any CPU
		{C24BA4ED-997F-4D88-A4DA-007AE6B78AE4}.Debug|Any CPU.Build.0 = Debug|Any CPU
		{C24BA4ED-997F-4D88-A4DA-007AE6B78AE4}.Release|Any CPU.ActiveCfg = Release|Any CPU
		{C24BA4ED-997F-4D88-A4DA-007AE6B78AE4}.Release|Any CPU.Build.0 = Release|Any CPU
		{AA4F281C-94B0-4C41-B375-D48138B56106}.Debug|Any CPU.ActiveCfg = Debug|Any CPU
		{AA4F281C-94B0-4C41-B375-D48138B56106}.Debug|Any CPU.Build.0 = Debug|Any CPU
		{AA4F281C-94B0-4C41-B375-D48138B56106}.Release|Any CPU.ActiveCfg = Release|Any CPU
		{AA4F281C-94B0-4C41-B375-D48138B56106}.Release|Any CPU.Build.0 = Release|Any CPU
		{31789AF2-7287-4AD1-8D45-ED1518D921A3}.Debug|Any CPU.ActiveCfg = Debug|Any CPU
		{31789AF2-7287-4AD1-8D45-ED1518D921A3}.Debug|Any CPU.Build.0 = Debug|Any CPU
		{31789AF2-7287-4AD1-8D45-ED1518D921A3}.Release|Any CPU.ActiveCfg = Release|Any CPU
		{31789AF2-7287-4AD1-8D45-ED1518D921A3}.Release|Any CPU.Build.0 = Release|Any CPU
		{163812A1-84AB-4E8F-85F5-AC8AC3F72BB1}.Debug|Any CPU.ActiveCfg = Debug|Any CPU
		{163812A1-84AB-4E8F-85F5-AC8AC3F72BB1}.Debug|Any CPU.Build.0 = Debug|Any CPU
		{163812A1-84AB-4E8F-85F5-AC8AC3F72BB1}.Release|Any CPU.ActiveCfg = Release|Any CPU
		{163812A1-84AB-4E8F-85F5-AC8AC3F72BB1}.Release|Any CPU.Build.0 = Release|Any CPU
	EndGlobalSection
	GlobalSection(SolutionProperties) = preSolution
		HideSolutionNode = FALSE
	EndGlobalSection
	GlobalSection(ExtensibilityGlobals) = postSolution
		SolutionGuid = {FDF0D9D3-254C-4958-85AF-593485763F40}
	EndGlobalSection
EndGlobal
